# Python 3.12.10, Windows amd64, test-only Phase 8 interoperability lock.
# Every direct and transitive artifact is selected by exact URL and SHA-256.
https://files.pythonhosted.org/packages/d2/1b/90b4a121e40aba189c55a5822dd3c698eaf487e1d4a780ab18c804a5ef1c/cbor2-6.1.3-cp312-cp312-win_amd64.whl \
    --hash=sha256:d5514f693db6fa6f433b4096e9b604e6a7bf151c9ef1d2db86d0858e4c5e768f
https://files.pythonhosted.org/packages/2b/02/7788f9fefa1d060ca68717c3901ae7fffa21ee087a90b7f23c7a603c32ae/cryptography-46.0.7-cp311-abi3-win_amd64.whl \
    --hash=sha256:397655da831414d165029da9bc483bed2fe0e75dde6a1523ec2fe63f3c46046b
https://files.pythonhosted.org/packages/04/31/2a0edff785b15d700199fed77186b3d070724cafd02fccfffb187e450d83/pyhpke-0.6.5-py3-none-any.whl \
    --hash=sha256:e8d794724e43053fe04e8971be55033225d6da904effc748b303cece763a3f3c
https://files.pythonhosted.org/packages/f8/ed/13bd4418627013bec4ed6e54283b1959cf6db888048c7cf4b4c3b5b36002/cffi-2.0.0-cp312-cp312-win_amd64.whl \
    --hash=sha256:da68248800ad6320861f129cd9c1bf96ca849a2771a59e0344e88681905916f5
https://files.pythonhosted.org/packages/a0/e3/59cd50310fc9b59512193629e1984c1f95e5c8ae6e5d8c69532ccc65a7fe/pycparser-2.23-py3-none-any.whl \
    --hash=sha256:e5c6e8d3fbad53479cab09ac03729e0a9faf2bee3db8208a550daf5af81a5934
